{
  "name": "pp-events",
  "version": "1.2.2",
  "lockfileVersion": 3,
  "requires": true,
  "packages": {
    "": {
      "name": "pp-events",
      "version": "1.2.2",
      "license": "MIT",
      "dependencies": {
        "pp-is": "^1.0.0"
      }
    },
    "node_modules/pp-is": {
      "version": "1.0.9",
      "resolved": "https://registry.npmjs.org/pp-is/-/pp-is-1.0.9.tgz",
      "integrity": "sha512-B0JfHdqnrq9rrMYB0ZqTU/F58w3R5k7tftR84OZU81duqn8ThC+lDHBMDwhF2hmmeps9p2mZH4dmvFIW2RyTVA=="
    }
  }
}
